
Microsoft Visual Studio Solution File, Format Version 12.00
# Visual Studio 14
VisualStudioVersion = 14.0.25123.0
MinimumVisualStudioVersion = 10.0.40219.1
Project("{5F96C6E5-B447-4491-A5AE-F3783FECF044}") = "SimHub.HomeAssistant.MQTT", "SimHub.HomeAssistant.MQTT.csproj", "{AF25724E-84B9-43EC-AF82-CE42947F0466}"
EndProject
Global
	GlobalSection(SolutionConfigurationPlatforms) = preSolution
		Debug|Any CPU = Debug|Any CPU
		Release|Any CPU = Release|Any CPU
	EndGlobalSection
	GlobalSection(ProjectConfigurationPlatforms) = postSolution
		{AF25724E-84B9-43EC-AF82-CE42947F0466}.Debug|Any CPU.ActiveCfg = Debug|Any CPU
		{AF25724E-84B9-43EC-AF82-CE42947F0466}.Debug|Any CPU.Build.0 = Debug|Any CPU
	EndGlobalSection
	GlobalSection(SolutionProperties) = preSolution
		HideSolutionNode = FALSE
	EndGlobalSection
EndGlobal
